
Microsoft Visual Studio Solution File, Format Version 12.00
# Visual Studio Version 17
VisualStudioVersion = 17.14.37111.16
MinimumVisualStudioVersion = 10.0.40219.1
Project("{FAE04EC0-301F-11D3-BF4B-00C04F79EFBC}") = "Legion", "Legion.csproj", "{97C963E0-1BB8-40A0-ADB4-D4274195486A}"
EndProject
Global
	GlobalSection(SolutionConfigurationPlatforms) = preSolution
		Debug|Any CPU = Debug|Any CPU
		Release|Any CPU = Release|Any CPU
	EndGlobalSection
	GlobalSection(ProjectConfigurationPlatforms) = postSolution
		{97C963E0-1BB8-40A0-ADB4-D4274195486A}.Debug|Any CPU.ActiveCfg = Debug|Any CPU
		{97C963E0-1BB8-40A0-ADB4-D4274195486A}.Debug|Any CPU.Build.0 = Debug|Any CPU
		{97C963E0-1BB8-40A0-ADB4-D4274195486A}.Release|Any CPU.ActiveCfg = Release|Any CPU
		{97C963E0-1BB8-40A0-ADB4-D4274195486A}.Release|Any CPU.Build.0 = Release|Any CPU
	EndGlobalSection
	GlobalSection(SolutionProperties) = preSolution
		HideSolutionNode = FALSE
	EndGlobalSection
	GlobalSection(ExtensibilityGlobals) = postSolution
		SolutionGuid = {ECEDD52D-4050-4E5E-A4F7-551315AE85C1}
	EndGlobalSection
EndGlobal
